
Microsoft Visual Studio Solution File, Format Version 12.00
# Visual Studio Version 17
VisualStudioVersion = 17.6.33801.468
MinimumVisualStudioVersion = 10.0.40219.1
Project("{9A19103F-16F7-4668-BE54-9A1E7A4F7556}") = "UnitTests", "UnitTests\UnitTests.csproj", "{1128C204-BCD4-4C11-B285-6834E130D836}"
	ProjectSection(ProjectDependencies) = postProject
		{1A918771-CB5E-4308-A150-4B952C0B7CE3} = {1A918771-CB5E-4308-A150-4B952C0B7CE3}
	EndProjectSection
EndProject
Project("{9A19103F-16F7-4668-BE54-9A1E7A4F7556}") = "Model", "Model\Model.csproj", "{1A918771-CB5E-4308-A150-4B952C0B7CE3}"
EndProject
Global
	GlobalSection(SolutionConfigurationPlatforms) = preSolution
		Debug|Any CPU = Debug|Any CPU
		Release|Any CPU = Release|Any CPU
	EndGlobalSection
	GlobalSection(ProjectConfigurationPlatforms) = postSolution
		{1128C204-BCD4-4C11-B285-6834E130D836}.Debug|Any CPU.ActiveCfg = Debug|Any CPU
		{1128C204-BCD4-4C11-B285-6834E130D836}.Debug|Any CPU.Build.0 = Debug|Any CPU
		{1128C204-BCD4-4C11-B285-6834E130D836}.Release|Any CPU.ActiveCfg = Release|Any CPU
		{1128C204-BCD4-4C11-B285-6834E130D836}.Release|Any CPU.Build.0 = Release|Any CPU
		{1A918771-CB5E-4308-A150-4B952C0B7CE3}.Debug|Any CPU.ActiveCfg = Debug|Any CPU
		{1A918771-CB5E-4308-A150-4B952C0B7CE3}.Debug|Any CPU.Build.0 = Debug|Any CPU
		{1A918771-CB5E-4308-A150-4B952C0B7CE3}.Release|Any CPU.ActiveCfg = Release|Any CPU
		{1A918771-CB5E-4308-A150-4B952C0B7CE3}.Release|Any CPU.Build.0 = Release|Any CPU
	EndGlobalSection
	GlobalSection(SolutionProperties) = preSolution
		HideSolutionNode = FALSE
	EndGlobalSection
	GlobalSection(ExtensibilityGlobals) = postSolution
		SolutionGuid = {6A3B5B02-F69D-44EA-B80D-E9199F1C2FFF}
	EndGlobalSection
EndGlobal
