
Microsoft Visual Studio Solution File, Format Version 12.00
# Visual Studio Version 17
VisualStudioVersion = 17.6.33801.468
MinimumVisualStudioVersion = 10.0.40219.1
Project("{9A19103F-16F7-4668-BE54-9A1E7A4F7556}") = "Model", "WebApplication1\Model.csproj", "{81DFE6AA-7DFA-47C3-A8DB-2FBA14C3ACA2}"
EndProject
Project("{9A19103F-16F7-4668-BE54-9A1E7A4F7556}") = "UnitTests", "TestProject1\UnitTests.csproj", "{AC457213-6686-4728-A87D-0EE5A5E7C157}"
	ProjectSection(ProjectDependencies) = postProject
		{81DFE6AA-7DFA-47C3-A8DB-2FBA14C3ACA2} = {81DFE6AA-7DFA-47C3-A8DB-2FBA14C3ACA2}
	EndProjectSection
EndProject
Global
	GlobalSection(SolutionConfigurationPlatforms) = preSolution
		Debug|Any CPU = Debug|Any CPU
		Release|Any CPU = Release|Any CPU
	EndGlobalSection
	GlobalSection(ProjectConfigurationPlatforms) = postSolution
		{81DFE6AA-7DFA-47C3-A8DB-2FBA14C3ACA2}.Debug|Any CPU.ActiveCfg = Debug|Any CPU
		{81DFE6AA-7DFA-47C3-A8DB-2FBA14C3ACA2}.Debug|Any CPU.Build.0 = Debug|Any CPU
		{81DFE6AA-7DFA-47C3-A8DB-2FBA14C3ACA2}.Release|Any CPU.ActiveCfg = Release|Any CPU
		{81DFE6AA-7DFA-47C3-A8DB-2FBA14C3ACA2}.Release|Any CPU.Build.0 = Release|Any CPU
		{AC457213-6686-4728-A87D-0EE5A5E7C157}.Debug|Any CPU.ActiveCfg = Debug|Any CPU
		{AC457213-6686-4728-A87D-0EE5A5E7C157}.Debug|Any CPU.Build.0 = Debug|Any CPU
		{AC457213-6686-4728-A87D-0EE5A5E7C157}.Release|Any CPU.ActiveCfg = Release|Any CPU
		{AC457213-6686-4728-A87D-0EE5A5E7C157}.Release|Any CPU.Build.0 = Release|Any CPU
	EndGlobalSection
	GlobalSection(SolutionProperties) = preSolution
		HideSolutionNode = FALSE
	EndGlobalSection
	GlobalSection(ExtensibilityGlobals) = postSolution
		SolutionGuid = {6A3B5B02-F69D-44EA-B80D-E9199F1C2FFF}
	EndGlobalSection
EndGlobal
